schema: '2.0'
stages:
  prepare:
    cmd: python prepare.py ../notebooks/data/default.csv
    deps:
    - path: ../notebooks/data/default.csv
      md5: d715df1be2dc95e252c4a46d0432d042
      size: 60026
    - path: prepare.py
      md5: 6bc135052af55685a18a7351e70b0491
      size: 1985
    params:
      params.yaml:
        prepare.seed: 42
        prepare.target_col: default
        prepare.test_split: 0.2
        prepare.train_split: 0.4
    outs:
    - path: ../notebooks/data/prepared
      md5: 8531e0b0c656ed69f68fd2c906850fd4.dir
      size: 157864
      nfiles: 6
