schema: '2.0'
stages:
  prepare:
    cmd: python prepare.py ../notebooks/data/default.csv
    deps:
    - path: ../notebooks/data/default.csv
      md5: d715df1be2dc95e252c4a46d0432d042
      size: 60026
    - path: prepare.py
      md5: dc93a5a87f17f2e593508bb688120f62
      size: 2010
    params:
      params.yaml:
        prepare.seed: 42
        prepare.target_col: default
        prepare.test_split: 0.2
        prepare.train_split: 0.4
    outs:
    - path: ../notebooks/data/prepared
      md5: 97e15b987c965e8a39a0aa073facad57.dir
      size: 60078
      nfiles: 6
  split:
    cmd: python split.py --data_path /Users/pauldev/delo/projects/risk-ai-workshop/notebooks/data/default.csv
    deps:
    - path: ../../notebooks/data/default.csv
      md5: d715df1be2dc95e252c4a46d0432d042
      size: 60026
    - path: split.py
      md5: 6f15457a7a6ba1262980f843ab377c64
      size: 3000
    params:
      params.yaml:
        split.non_target_cols:
        - gender
        - occupation
        split.seed: 42
        split.target_col: default
        split.test_ratio: 0.2
        split.train_ratio: 0.4
    outs:
    - path: ../../notebooks/data/split
      md5: f5919c6851e633951b660ff4bfc00709.dir
      size: 60078
      nfiles: 6
