schema: '2.0'
stages:
  split:
    cmd: python split.py --data_path /Users/pauldev/delo/projects/risk-ai-workshop/notebooks/data/default.csv
    deps:
    - path: ../../notebooks/data/default.csv
      md5: 7b47c0de00823a5a5e7b284a58030e15
      size: 80035
    - path: split.py
      md5: 7721a93bfff7ab7edc277e3a517ee89b
      size: 2966
    params:
      params.yaml:
        split.file_read_params:
          delimiter: ','
        split.non_target_cols:
        - gender
        - occupation
        - activity
        split.seed: 42
        split.target_col: default
        split.test_ratio: 0.2
        split.train_ratio: 0.4
    outs:
    - path: ../../notebooks/data/split
      md5: 30516898e437ab4cd95d305460dc00a9.dir
      size: 80105
      nfiles: 6
  fit_train:
    cmd: python fit.py --stage_name fit_train
    deps:
    - path: ../../notebooks/data/split
      md5: 30516898e437ab4cd95d305460dc00a9.dir
      size: 80105
      nfiles: 6
    - path: fit.py
      md5: 4cfb45598c60ced76e36b49748e61dc4
      size: 1842
    params:
      params.yaml:
        fit_train.data_in_folder: split
        fit_train.feature_filenames:
        - X-train.csv
        fit_train.file_read_params:
          delimiter: ','
        fit_train.model_params:
          logistic_regression:
            name: LogisticRegression
            hyperparams:
              C: 1
              random_state: 42
          decision_tree_classifier:
            name: DecisionTreeClassifier
            hyperparams:
              criterion: gini
              random_state: 42
          random_forest_classifier:
            name: RandomForestClassifier
            hyperparams:
              n_estimators: 10
              random_state: 42
        fit_train.seed: 42
        fit_train.target_filenames:
        - y-train.csv
    outs:
    - path: ../../notebooks/data/fit_train
      md5: f3393185669a307bff130370ce9e91dc.dir
      size: 16743
      nfiles: 3
  evaluate_fit_train:
    cmd: python evaluate.py --stage_name evaluate_fit_train
    deps:
    - path: ../../notebooks/data/fit_train
      md5: f3393185669a307bff130370ce9e91dc.dir
      size: 16743
      nfiles: 3
    - path: ../../notebooks/data/split
      md5: 30516898e437ab4cd95d305460dc00a9.dir
      size: 80105
      nfiles: 6
    - path: evaluate.py
      md5: 1c2b057f7e416ce42fda1444981f7444
      size: 3385
    params:
      params.yaml:
        data_models:
          domain_values:
            gender:
            - 0
            - 1
            occupation:
            - 0
            - 1
            activity:
            - 0
            - 1
            default:
            - 0
            - 1
        evaluate_fit_train.data_in_folder: split
        evaluate_fit_train.feature_filename: X-validate.csv
        evaluate_fit_train.file_read_params:
          delimiter: ','
        evaluate_fit_train.model_in_folder: fit_train
        evaluate_fit_train.target_filename: y-validate.csv
  fit_selected_model:
    cmd: python fit.py --stage_name fit_selected_model
    deps:
    - path: ../../notebooks/data/split
      md5: 30516898e437ab4cd95d305460dc00a9.dir
      size: 80105
      nfiles: 6
    - path: fit.py
      md5: 4cfb45598c60ced76e36b49748e61dc4
      size: 1842
    params:
      params.yaml:
        fit_selected_model.data_in_folder: split
        fit_selected_model.feature_filenames:
        - X-train.csv
        - X-validate.csv
        fit_selected_model.file_read_params:
          delimiter: ','
        fit_selected_model.model_params:
          decision_tree_classifier:
            name: DecisionTreeClassifier
            hyperparams:
              criterion: gini
              random_state: 42
        fit_selected_model.seed: 42
        fit_selected_model.target_filenames:
        - y-train.csv
        - y-validate.csv
    outs:
    - path: ../../notebooks/data/fit_selected_model
      md5: da2928f3589d7867e86ca93caac00c82.dir
      size: 2135
      nfiles: 1
  evaluate_fit_test:
    cmd: python evaluate.py --stage_name evaluate_fit_test
    deps:
    - path: ../../notebooks/data/fit_selected_model
      md5: da2928f3589d7867e86ca93caac00c82.dir
      size: 2135
      nfiles: 1
    - path: ../../notebooks/data/split
      md5: 30516898e437ab4cd95d305460dc00a9.dir
      size: 80105
      nfiles: 6
    - path: evaluate.py
      md5: 1c2b057f7e416ce42fda1444981f7444
      size: 3385
    params:
      params.yaml:
        data_models:
          domain_values:
            gender:
            - 0
            - 1
            occupation:
            - 0
            - 1
            activity:
            - 0
            - 1
            default:
            - 0
            - 1
        evaluate_fit_test.data_in_folder: split
        evaluate_fit_test.feature_filename: X-test.csv
        evaluate_fit_test.file_read_params:
          delimiter: ','
        evaluate_fit_test.model_in_folder: fit_selected_model
        evaluate_fit_test.target_filename: y-test.csv
