schema: '2.0'
stages:
  split:
    cmd: python split.py --data_path /Users/pauldev/delo/projects/risk-ai-workshop/notebooks/data/default.csv
    deps:
    - path: ../../notebooks/data/default.csv
      md5: d715df1be2dc95e252c4a46d0432d042
      size: 60026
    - path: split.py
      md5: 7721a93bfff7ab7edc277e3a517ee89b
      size: 2966
    params:
      params.yaml:
        split.file_read_params:
          delimiter: ','
        split.non_target_cols:
        - gender
        - occupation
        split.seed: 42
        split.target_col: default
        split.test_ratio: 0.2
        split.train_ratio: 0.4
    outs:
    - path: ../../notebooks/data/split
      md5: f5919c6851e633951b660ff4bfc00709.dir
      size: 60078
      nfiles: 6
  fit_train:
    cmd: python fit.py --stage_name fit_train
    deps:
    - path: ../../notebooks/data/split
      md5: f5919c6851e633951b660ff4bfc00709.dir
      size: 60078
      nfiles: 6
    - path: fit.py
      md5: 95552d92fe6c47f8bec8bf73a1ba191e
      size: 1425
    params:
      params.yaml:
        fit_train.data_in_folder: split
        fit_train.feature_filename: X-train.csv
        fit_train.file_read_params:
          delimiter: ','
        fit_train.model_params:
          logistic_regression:
            name: LogisticRegression
            hyperparams:
              C: 1
        fit_train.seed: 42
    outs:
    - path: ../../notebooks/data/fit_train
      md5: 6237c5d78a0c41d491dc79bd64adcf3a.dir
      size: 1110
      nfiles: 1
  evaluate_fit_train:
    cmd: python evaluate.py --stage_name evaluate_fit_train
    deps:
    - path: ../../notebooks/data/fit_train
      md5: 6237c5d78a0c41d491dc79bd64adcf3a.dir
      size: 1110
      nfiles: 1
    - path: ../../notebooks/data/split
      md5: f5919c6851e633951b660ff4bfc00709.dir
      size: 60078
      nfiles: 6
    - path: evaluate.py
      md5: 58d242348544b6e575ef97aac0738dbc
      size: 1905
    params:
      params.yaml:
        evaluate_fit_train.data_in_folder: split
        evaluate_fit_train.feature_filename: X-validate.csv
        evaluate_fit_train.file_read_params:
          delimiter: ','
        evaluate_fit_train.model_in_folder: fit_train
        evaluate_fit_train.target_filename: y-validate.csv
    outs:
    - path: ../../notebooks/data/evaluate_fit_train/metrics.json
      md5: 612312aaf288c8a4db3bd8f1ce61fbf6
      size: 39
